
Microsoft Visual Studio Solution File, Format Version 12.00
# Visual Studio Version 16
VisualStudioVersion = 16.0.30621.155
MinimumVisualStudioVersion = 10.0.40219.1
Project("{FAE04EC0-301F-11D3-BF4B-00C04F79EFBC}") = "ChessTournament", "ChessTournament\ChessTournament.csproj", "{05D174E0-DC53-491F-9A45-067E4C2B937B}"
EndProject
Global
	GlobalSection(SolutionConfigurationPlatforms) = preSolution
		Debug|Any CPU = Debug|Any CPU
		Release|Any CPU = Release|Any CPU
	EndGlobalSection
	GlobalSection(ProjectConfigurationPlatforms) = postSolution
		{05D174E0-DC53-491F-9A45-067E4C2B937B}.Debug|Any CPU.ActiveCfg = Debug|Any CPU
		{05D174E0-DC53-491F-9A45-067E4C2B937B}.Debug|Any CPU.Build.0 = Debug|Any CPU
		{05D174E0-DC53-491F-9A45-067E4C2B937B}.Release|Any CPU.ActiveCfg = Release|Any CPU
		{05D174E0-DC53-491F-9A45-067E4C2B937B}.Release|Any CPU.Build.0 = Release|Any CPU
	EndGlobalSection
	GlobalSection(SolutionProperties) = preSolution
		HideSolutionNode = FALSE
	EndGlobalSection
	GlobalSection(ExtensibilityGlobals) = postSolution
		SolutionGuid = {7FC45E86-9552-464F-B4BE-2963622F1B26}
	EndGlobalSection
EndGlobal
